// !$*UTF8*$!
{
	archiveVersion = 1;
	classes = {
	};
	objectVersion = 46;
	objects = {

/* Begin PBXBuildFile section */
		A73BEE4919B30CD6006D7923 /* BButton.m in Sources */ = {isa = PBXBuildFile; fileRef = A73BEE4219B30CD6006D7923 /* BButton.m */; };
		A73BEE4A19B30CD6006D7923 /* NSString+FontAwesome.m in Sources */ = {isa = PBXBuildFile; fileRef = A73BEE4419B30CD6006D7923 /* NSString+FontAwesome.m */; };
		A73BEE4B19B30CD6006D7923 /* FontAwesome.ttf in Resources */ = {isa = PBXBuildFile; fileRef = A73BEE4619B30CD6006D7923 /* FontAwesome.ttf */; };
		A73BEE4C19B30CD6006D7923 /* UIColor+BButton.m in Sources */ = {isa = PBXBuildFile; fileRef = A73BEE4819B30CD6006D7923 /* UIColor+BButton.m */; };
		A7423C5519B4A39E0064C96D /* black_fx.png in Resources */ = {isa = PBXBuildFile; fileRef = A7423C5419B4A39E0064C96D /* black_fx.png */; };
		A74AADBA19B2419800AE7465 /* AVFoundation.framework in Frameworks */ = {isa = PBXBuildFile; fileRef = A74AADB919B2419800AE7465 /* AVFoundation.framework */; };
		A74AADBC19B244FD00AE7465 /* moviefile.png in Resources */ = {isa = PBXBuildFile; fileRef = A74AADBB19B244FD00AE7465 /* moviefile.png */; };
		A74AADBE19B248A000AE7465 /* nodata.png in Resources */ = {isa = PBXBuildFile; fileRef = A74AADBD19B248A000AE7465 /* nodata.png */; };
		A7574A5C19B45DBA008EF719 /* ProtectViewController.m in Sources */ = {isa = PBXBuildFile; fileRef = A7574A5B19B45DBA008EF719 /* ProtectViewController.m */; };
		A7574A5E19B46068008EF719 /* circle.png in Resources */ = {isa = PBXBuildFile; fileRef = A7574A5D19B46068008EF719 /* circle.png */; };
		A76319DF19B39DEE00E0B1A6 /* IMG_0756.PNG in Resources */ = {isa = PBXBuildFile; fileRef = A76319DE19B39DEE00E0B1A6 /* IMG_0756.PNG */; };
		A76319E219B39EDC00E0B1A6 /* InfoViewController.m in Sources */ = {isa = PBXBuildFile; fileRef = A76319E119B39EDC00E0B1A6 /* InfoViewController.m */; };
		A76319E819B3AE2E00E0B1A6 /* IMG_00093.JPG in Resources */ = {isa = PBXBuildFile; fileRef = A76319E719B3AE2E00E0B1A6 /* IMG_00093.JPG */; };
		A76E8E9519B3292400143CBE /* ImportMedia.m in Sources */ = {isa = PBXBuildFile; fileRef = A76E8E9419B3292400143CBE /* ImportMedia.m */; };
		A76E8E9819B3435500143CBE /* launchimageiphone4.png in Resources */ = {isa = PBXBuildFile; fileRef = A76E8E9619B3435500143CBE /* launchimageiphone4.png */; };
		A76E8E9919B3435500143CBE /* launchImageiPhone5.png in Resources */ = {isa = PBXBuildFile; fileRef = A76E8E9719B3435500143CBE /* launchImageiPhone5.png */; };
		A76E8EA019B3446900143CBE /* ico29x29.png in Resources */ = {isa = PBXBuildFile; fileRef = A76E8E9A19B3446900143CBE /* ico29x29.png */; };
		A76E8EA119B3446900143CBE /* ico40x40.png in Resources */ = {isa = PBXBuildFile; fileRef = A76E8E9B19B3446900143CBE /* ico40x40.png */; };
		A76E8EA219B3446900143CBE /* ico58x58.png in Resources */ = {isa = PBXBuildFile; fileRef = A76E8E9C19B3446900143CBE /* ico58x58.png */; };
		A76E8EA319B3446900143CBE /* ico60x60.png in Resources */ = {isa = PBXBuildFile; fileRef = A76E8E9D19B3446900143CBE /* ico60x60.png */; };
		A76E8EA419B3446900143CBE /* ico80x80.png in Resources */ = {isa = PBXBuildFile; fileRef = A76E8E9E19B3446900143CBE /* ico80x80.png */; };
		A76E8EA519B3446900143CBE /* ico120x120.png in Resources */ = {isa = PBXBuildFile; fileRef = A76E8E9F19B3446900143CBE /* ico120x120.png */; };
		A7D3304719B21DAD00D27A8B /* Foundation.framework in Frameworks */ = {isa = PBXBuildFile; fileRef = A7D3304619B21DAD00D27A8B /* Foundation.framework */; };
		A7D3304919B21DAD00D27A8B /* CoreGraphics.framework in Frameworks */ = {isa = PBXBuildFile; fileRef = A7D3304819B21DAD00D27A8B /* CoreGraphics.framework */; };
		A7D3304B19B21DAD00D27A8B /* UIKit.framework in Frameworks */ = {isa = PBXBuildFile; fileRef = A7D3304A19B21DAD00D27A8B /* UIKit.framework */; };
		A7D3305119B21DAD00D27A8B /* InfoPlist.strings in Resources */ = {isa = PBXBuildFile; fileRef = A7D3304F19B21DAD00D27A8B /* InfoPlist.strings */; };
		A7D3305319B21DAD00D27A8B /* main.m in Sources */ = {isa = PBXBuildFile; fileRef = A7D3305219B21DAD00D27A8B /* main.m */; };
		A7D3305719B21DAD00D27A8B /* AppDelegate.m in Sources */ = {isa = PBXBuildFile; fileRef = A7D3305619B21DAD00D27A8B /* AppDelegate.m */; };
		A7D3305A19B21DAD00D27A8B /* Main.storyboard in Resources */ = {isa = PBXBuildFile; fileRef = A7D3305819B21DAD00D27A8B /* Main.storyboard */; };
		A7D3305D19B21DAD00D27A8B /* ViewController.m in Sources */ = {isa = PBXBuildFile; fileRef = A7D3305C19B21DAD00D27A8B /* ViewController.m */; };
		A7D3305F19B21DAD00D27A8B /* Images.xcassets in Resources */ = {isa = PBXBuildFile; fileRef = A7D3305E19B21DAD00D27A8B /* Images.xcassets */; };
		A7D3306619B21DAD00D27A8B /* XCTest.framework in Frameworks */ = {isa = PBXBuildFile; fileRef = A7D3306519B21DAD00D27A8B /* XCTest.framework */; };
		A7D3306719B21DAD00D27A8B /* Foundation.framework in Frameworks */ = {isa = PBXBuildFile; fileRef = A7D3304619B21DAD00D27A8B /* Foundation.framework */; };
		A7D3306819B21DAD00D27A8B /* UIKit.framework in Frameworks */ = {isa = PBXBuildFile; fileRef = A7D3304A19B21DAD00D27A8B /* UIKit.framework */; };
		A7D3307019B21DAD00D27A8B /* InfoPlist.strings in Resources */ = {isa = PBXBuildFile; fileRef = A7D3306E19B21DAD00D27A8B /* InfoPlist.strings */; };
		A7D3307219B21DAD00D27A8B /* _68_ImporterTests.m in Sources */ = {isa = PBXBuildFile; fileRef = A7D3307119B21DAD00D27A8B /* _68_ImporterTests.m */; };
		A7D3307E19B21DC000D27A8B /* FileManager.m in Sources */ = {isa = PBXBuildFile; fileRef = A7D3307D19B21DC000D27A8B /* FileManager.m */; };
		A7D3308019B22CDC00D27A8B /* AssetsLibrary.framework in Frameworks */ = {isa = PBXBuildFile; fileRef = A7D3307F19B22CDC00D27A8B /* AssetsLibrary.framework */; };
/* End PBXBuildFile section */

/* Begin PBXContainerItemProxy section */
		A7D3306919B21DAD00D27A8B /* PBXContainerItemProxy */ = {
			isa = PBXContainerItemProxy;
			containerPortal = A7D3303B19B21DAD00D27A8B /* Project object */;
			proxyType = 1;
			remoteGlobalIDString = A7D3304219B21DAD00D27A8B;
			remoteInfo = "368 Importer";
		};
/* End PBXContainerItemProxy section */

/* Begin PBXFileReference section */
		A73BEE4119B30CD6006D7923 /* BButton.h */ = {isa = PBXFileReference; fileEncoding = 4; lastKnownFileType = sourcecode.c.h; path = BButton.h; sourceTree = "<group>"; };
		A73BEE4219B30CD6006D7923 /* BButton.m */ = {isa = PBXFileReference; fileEncoding = 4; lastKnownFileType = sourcecode.c.objc; path = BButton.m; sourceTree = "<group>"; };
		A73BEE4319B30CD6006D7923 /* NSString+FontAwesome.h */ = {isa = PBXFileReference; fileEncoding = 4; lastKnownFileType = sourcecode.c.h; path = "NSString+FontAwesome.h"; sourceTree = "<group>"; };
		A73BEE4419B30CD6006D7923 /* NSString+FontAwesome.m */ = {isa = PBXFileReference; fileEncoding = 4; lastKnownFileType = sourcecode.c.objc; path = "NSString+FontAwesome.m"; sourceTree = "<group>"; };
		A73BEE4619B30CD6006D7923 /* FontAwesome.ttf */ = {isa = PBXFileReference; lastKnownFileType = file; path = FontAwesome.ttf; sourceTree = "<group>"; };
		A73BEE4719B30CD6006D7923 /* UIColor+BButton.h */ = {isa = PBXFileReference; fileEncoding = 4; lastKnownFileType = sourcecode.c.h; path = "UIColor+BButton.h"; sourceTree = "<group>"; };
		A73BEE4819B30CD6006D7923 /* UIColor+BButton.m */ = {isa = PBXFileReference; fileEncoding = 4; lastKnownFileType = sourcecode.c.objc; path = "UIColor+BButton.m"; sourceTree = "<group>"; };
		A7423C5419B4A39E0064C96D /* black_fx.png */ = {isa = PBXFileReference; lastKnownFileType = image.png; path = black_fx.png; sourceTree = "<group>"; };
		A74AADB919B2419800AE7465 /* AVFoundation.framework */ = {isa = PBXFileReference; lastKnownFileType = wrapper.framework; name = AVFoundation.framework; path = System/Library/Frameworks/AVFoundation.framework; sourceTree = SDKROOT; };
		A74AADBB19B244FD00AE7465 /* moviefile.png */ = {isa = PBXFileReference; lastKnownFileType = image.png; path = moviefile.png; sourceTree = "<group>"; };
		A74AADBD19B248A000AE7465 /* nodata.png */ = {isa = PBXFileReference; lastKnownFileType = image.png; path = nodata.png; sourceTree = "<group>"; };
		A7574A5A19B45DBA008EF719 /* ProtectViewController.h */ = {isa = PBXFileReference; fileEncoding = 4; lastKnownFileType = sourcecode.c.h; path = ProtectViewController.h; sourceTree = "<group>"; };
		A7574A5B19B45DBA008EF719 /* ProtectViewController.m */ = {isa = PBXFileReference; fileEncoding = 4; lastKnownFileType = sourcecode.c.objc; path = ProtectViewController.m; sourceTree = "<group>"; };
		A7574A5D19B46068008EF719 /* circle.png */ = {isa = PBXFileReference; lastKnownFileType = image.png; path = circle.png; sourceTree = "<group>"; };
		A76319DE19B39DEE00E0B1A6 /* IMG_0756.PNG */ = {isa = PBXFileReference; lastKnownFileType = image.png; path = IMG_0756.PNG; sourceTree = "<group>"; };
		A76319E019B39EDC00E0B1A6 /* InfoViewController.h */ = {isa = PBXFileReference; fileEncoding = 4; lastKnownFileType = sourcecode.c.h; path = InfoViewController.h; sourceTree = "<group>"; };
		A76319E119B39EDC00E0B1A6 /* InfoViewController.m */ = {isa = PBXFileReference; fileEncoding = 4; lastKnownFileType = sourcecode.c.objc; path = InfoViewController.m; sourceTree = "<group>"; };
		A76319E719B3AE2E00E0B1A6 /* IMG_00093.JPG */ = {isa = PBXFileReference; lastKnownFileType = image.jpeg; path = IMG_00093.JPG; sourceTree = "<group>"; };
		A76E8E9319B3292400143CBE /* ImportMedia.h */ = {isa = PBXFileReference; fileEncoding = 4; lastKnownFileType = sourcecode.c.h; path = ImportMedia.h; sourceTree = "<group>"; };
		A76E8E9419B3292400143CBE /* ImportMedia.m */ = {isa = PBXFileReference; fileEncoding = 4; lastKnownFileType = sourcecode.c.objc; path = ImportMedia.m; sourceTree = "<group>"; };
		A76E8E9619B3435500143CBE /* launchimageiphone4.png */ = {isa = PBXFileReference; lastKnownFileType = image.png; path = launchimageiphone4.png; sourceTree = "<group>"; };
		A76E8E9719B3435500143CBE /* launchImageiPhone5.png */ = {isa = PBXFileReference; lastKnownFileType = image.png; path = launchImageiPhone5.png; sourceTree = "<group>"; };
		A76E8E9A19B3446900143CBE /* ico29x29.png */ = {isa = PBXFileReference; lastKnownFileType = image.png; path = ico29x29.png; sourceTree = "<group>"; };
		A76E8E9B19B3446900143CBE /* ico40x40.png */ = {isa = PBXFileReference; lastKnownFileType = image.png; path = ico40x40.png; sourceTree = "<group>"; };
		A76E8E9C19B3446900143CBE /* ico58x58.png */ = {isa = PBXFileReference; lastKnownFileType = image.png; path = ico58x58.png; sourceTree = "<group>"; };
		A76E8E9D19B3446900143CBE /* ico60x60.png */ = {isa = PBXFileReference; lastKnownFileType = image.png; path = ico60x60.png; sourceTree = "<group>"; };
		A76E8E9E19B3446900143CBE /* ico80x80.png */ = {isa = PBXFileReference; lastKnownFileType = image.png; path = ico80x80.png; sourceTree = "<group>"; };
		A76E8E9F19B3446900143CBE /* ico120x120.png */ = {isa = PBXFileReference; lastKnownFileType = image.png; path = ico120x120.png; sourceTree = "<group>"; };
		A7D3304319B21DAD00D27A8B /* 368 Importer.app */ = {isa = PBXFileReference; explicitFileType = wrapper.application; includeInIndex = 0; path = "368 Importer.app"; sourceTree = BUILT_PRODUCTS_DIR; };
		A7D3304619B21DAD00D27A8B /* Foundation.framework */ = {isa = PBXFileReference; lastKnownFileType = wrapper.framework; name = Foundation.framework; path = System/Library/Frameworks/Foundation.framework; sourceTree = SDKROOT; };
		A7D3304819B21DAD00D27A8B /* CoreGraphics.framework */ = {isa = PBXFileReference; lastKnownFileType = wrapper.framework; name = CoreGraphics.framework; path = System/Library/Frameworks/CoreGraphics.framework; sourceTree = SDKROOT; };
		A7D3304A19B21DAD00D27A8B /* UIKit.framework */ = {isa = PBXFileReference; lastKnownFileType = wrapper.framework; name = UIKit.framework; path = System/Library/Frameworks/UIKit.framework; sourceTree = SDKROOT; };
		A7D3304E19B21DAD00D27A8B /* 368 Importer-Info.plist */ = {isa = PBXFileReference; lastKnownFileType = text.plist.xml; path = "368 Importer-Info.plist"; sourceTree = "<group>"; };
		A7D3305019B21DAD00D27A8B /* en */ = {isa = PBXFileReference; lastKnownFileType = text.plist.strings; name = en; path = en.lproj/InfoPlist.strings; sourceTree = "<group>"; };
		A7D3305219B21DAD00D27A8B /* main.m */ = {isa = PBXFileReference; lastKnownFileType = sourcecode.c.objc; path = main.m; sourceTree = "<group>"; };
		A7D3305419B21DAD00D27A8B /* 368 Importer-Prefix.pch */ = {isa = PBXFileReference; lastKnownFileType = sourcecode.c.h; path = "368 Importer-Prefix.pch"; sourceTree = "<group>"; };
		A7D3305519B21DAD00D27A8B /* AppDelegate.h */ = {isa = PBXFileReference; lastKnownFileType = sourcecode.c.h; path = AppDelegate.h; sourceTree = "<group>"; };
		A7D3305619B21DAD00D27A8B /* AppDelegate.m */ = {isa = PBXFileReference; lastKnownFileType = sourcecode.c.objc; path = AppDelegate.m; sourceTree = "<group>"; };
		A7D3305919B21DAD00D27A8B /* Base */ = {isa = PBXFileReference; lastKnownFileType = file.storyboard; name = Base; path = Base.lproj/Main.storyboard; sourceTree = "<group>"; };
		A7D3305B19B21DAD00D27A8B /* ViewController.h */ = {isa = PBXFileReference; lastKnownFileType = sourcecode.c.h; path = ViewController.h; sourceTree = "<group>"; };
		A7D3305C19B21DAD00D27A8B /* ViewController.m */ = {isa = PBXFileReference; lastKnownFileType = sourcecode.c.objc; path = ViewController.m; sourceTree = "<group>"; };
		A7D3305E19B21DAD00D27A8B /* Images.xcassets */ = {isa = PBXFileReference; lastKnownFileType = folder.assetcatalog; path = Images.xcassets; sourceTree = "<group>"; };
		A7D3306419B21DAD00D27A8B /* 368 ImporterTests.xctest */ = {isa = PBXFileReference; explicitFileType = wrapper.cfbundle; includeInIndex = 0; path = "368 ImporterTests.xctest"; sourceTree = BUILT_PRODUCTS_DIR; };
		A7D3306519B21DAD00D27A8B /* XCTest.framework */ = {isa = PBXFileReference; lastKnownFileType = wrapper.framework; name = XCTest.framework; path = Library/Frameworks/XCTest.framework; sourceTree = DEVELOPER_DIR; };
		A7D3306D19B21DAD00D27A8B /* 368 ImporterTests-Info.plist */ = {isa = PBXFileReference; lastKnownFileType = text.plist.xml; path = "368 ImporterTests-Info.plist"; sourceTree = "<group>"; };
		A7D3306F19B21DAD00D27A8B /* en */ = {isa = PBXFileReference; lastKnownFileType = text.plist.strings; name = en; path = en.lproj/InfoPlist.strings; sourceTree = "<group>"; };
		A7D3307119B21DAD00D27A8B /* _68_ImporterTests.m */ = {isa = PBXFileReference; lastKnownFileType = sourcecode.c.objc; path = _68_ImporterTests.m; sourceTree = "<group>"; };
		A7D3307C19B21DC000D27A8B /* FileManager.h */ = {isa = PBXFileReference; fileEncoding = 4; lastKnownFileType = sourcecode.c.h; path = FileManager.h; sourceTree = "<group>"; };
		A7D3307D19B21DC000D27A8B /* FileManager.m */ = {isa = PBXFileReference; fileEncoding = 4; lastKnownFileType = sourcecode.c.objc; path = FileManager.m; sourceTree = "<group>"; };
		A7D3307F19B22CDC00D27A8B /* AssetsLibrary.framework */ = {isa = PBXFileReference; lastKnownFileType = wrapper.framework; name = AssetsLibrary.framework; path = System/Library/Frameworks/AssetsLibrary.framework; sourceTree = SDKROOT; };
/* End PBXFileReference section */

/* Begin PBXFrameworksBuildPhase section */
		A7D3304019B21DAD00D27A8B /* Frameworks */ = {
			isa = PBXFrameworksBuildPhase;
			buildActionMask = 2147483647;
			files = (
				A74AADBA19B2419800AE7465 /* AVFoundation.framework in Frameworks */,
				A7D3308019B22CDC00D27A8B /* AssetsLibrary.framework in Frameworks */,
				A7D3304919B21DAD00D27A8B /* CoreGraphics.framework in Frameworks */,
				A7D3304B19B21DAD00D27A8B /* UIKit.framework in Frameworks */,
				A7D3304719B21DAD00D27A8B /* Foundation.framework in Frameworks */,
			);
			runOnlyForDeploymentPostprocessing = 0;
		};
		A7D3306119B21DAD00D27A8B /* Frameworks */ = {
			isa = PBXFrameworksBuildPhase;
			buildActionMask = 2147483647;
			files = (
				A7D3306619B21DAD00D27A8B /* XCTest.framework in Frameworks */,
				A7D3306819B21DAD00D27A8B /* UIKit.framework in Frameworks */,
				A7D3306719B21DAD00D27A8B /* Foundation.framework in Frameworks */,
			);
			runOnlyForDeploymentPostprocessing = 0;
		};
/* End PBXFrameworksBuildPhase section */

/* Begin PBXGroup section */
		A73BEE4019B30CD6006D7923 /* BButton */ = {
			isa = PBXGroup;
			children = (
				A73BEE4119B30CD6006D7923 /* BButton.h */,
				A73BEE4219B30CD6006D7923 /* BButton.m */,
				A73BEE4319B30CD6006D7923 /* NSString+FontAwesome.h */,
				A73BEE4419B30CD6006D7923 /* NSString+FontAwesome.m */,
				A73BEE4519B30CD6006D7923 /* resources */,
				A73BEE4719B30CD6006D7923 /* UIColor+BButton.h */,
				A73BEE4819B30CD6006D7923 /* UIColor+BButton.m */,
			);
			path = BButton;
			sourceTree = "<group>";
		};
		A73BEE4519B30CD6006D7923 /* resources */ = {
			isa = PBXGroup;
			children = (
				A73BEE4619B30CD6006D7923 /* FontAwesome.ttf */,
			);
			path = resources;
			sourceTree = "<group>";
		};
		A7D3303A19B21DAD00D27A8B = {
			isa = PBXGroup;
			children = (
				A7D3304C19B21DAD00D27A8B /* 368 Importer */,
				A7D3306B19B21DAD00D27A8B /* 368 ImporterTests */,
				A7D3304519B21DAD00D27A8B /* Frameworks */,
				A7D3304419B21DAD00D27A8B /* Products */,
			);
			sourceTree = "<group>";
		};
		A7D3304419B21DAD00D27A8B /* Products */ = {
			isa = PBXGroup;
			children = (
				A7D3304319B21DAD00D27A8B /* 368 Importer.app */,
				A7D3306419B21DAD00D27A8B /* 368 ImporterTests.xctest */,
			);
			name = Products;
			sourceTree = "<group>";
		};
		A7D3304519B21DAD00D27A8B /* Frameworks */ = {
			isa = PBXGroup;
			children = (
				A74AADB919B2419800AE7465 /* AVFoundation.framework */,
				A7D3307F19B22CDC00D27A8B /* AssetsLibrary.framework */,
				A7D3304619B21DAD00D27A8B /* Foundation.framework */,
				A7D3304819B21DAD00D27A8B /* CoreGraphics.framework */,
				A7D3304A19B21DAD00D27A8B /* UIKit.framework */,
				A7D3306519B21DAD00D27A8B /* XCTest.framework */,
			);
			name = Frameworks;
			sourceTree = "<group>";
		};
		A7D3304C19B21DAD00D27A8B /* 368 Importer */ = {
			isa = PBXGroup;
			children = (
				A7D3307B19B21DB300D27A8B /* Classes */,
				A7D3305519B21DAD00D27A8B /* AppDelegate.h */,
				A7D3305619B21DAD00D27A8B /* AppDelegate.m */,
				A7D3305819B21DAD00D27A8B /* Main.storyboard */,
				A7574A5A19B45DBA008EF719 /* ProtectViewController.h */,
				A7574A5B19B45DBA008EF719 /* ProtectViewController.m */,
				A7D3305B19B21DAD00D27A8B /* ViewController.h */,
				A7D3305C19B21DAD00D27A8B /* ViewController.m */,
				A76319E019B39EDC00E0B1A6 /* InfoViewController.h */,
				A76319E119B39EDC00E0B1A6 /* InfoViewController.m */,
				A7D3305E19B21DAD00D27A8B /* Images.xcassets */,
				A7D3304D19B21DAD00D27A8B /* Supporting Files */,
			);
			path = "368 Importer";
			sourceTree = "<group>";
		};
		A7D3304D19B21DAD00D27A8B /* Supporting Files */ = {
			isa = PBXGroup;
			children = (
				A7423C5419B4A39E0064C96D /* black_fx.png */,
				A7574A5D19B46068008EF719 /* circle.png */,
				A76319E719B3AE2E00E0B1A6 /* IMG_00093.JPG */,
				A76319DE19B39DEE00E0B1A6 /* IMG_0756.PNG */,
				A76E8E9A19B3446900143CBE /* ico29x29.png */,
				A76E8E9B19B3446900143CBE /* ico40x40.png */,
				A76E8E9C19B3446900143CBE /* ico58x58.png */,
				A76E8E9D19B3446900143CBE /* ico60x60.png */,
				A76E8E9E19B3446900143CBE /* ico80x80.png */,
				A76E8E9F19B3446900143CBE /* ico120x120.png */,
				A76E8E9619B3435500143CBE /* launchimageiphone4.png */,
				A76E8E9719B3435500143CBE /* launchImageiPhone5.png */,
				A74AADBD19B248A000AE7465 /* nodata.png */,
				A74AADBB19B244FD00AE7465 /* moviefile.png */,
				A7D3304E19B21DAD00D27A8B /* 368 Importer-Info.plist */,
				A7D3304F19B21DAD00D27A8B /* InfoPlist.strings */,
				A7D3305219B21DAD00D27A8B /* main.m */,
				A7D3305419B21DAD00D27A8B /* 368 Importer-Prefix.pch */,
			);
			name = "Supporting Files";
			sourceTree = "<group>";
		};
		A7D3306B19B21DAD00D27A8B /* 368 ImporterTests */ = {
			isa = PBXGroup;
			children = (
				A7D3307119B21DAD00D27A8B /* _68_ImporterTests.m */,
				A7D3306C19B21DAD00D27A8B /* Supporting Files */,
			);
			path = "368 ImporterTests";
			sourceTree = "<group>";
		};
		A7D3306C19B21DAD00D27A8B /* Supporting Files */ = {
			isa = PBXGroup;
			children = (
				A7D3306D19B21DAD00D27A8B /* 368 ImporterTests-Info.plist */,
				A7D3306E19B21DAD00D27A8B /* InfoPlist.strings */,
			);
			name = "Supporting Files";
			sourceTree = "<group>";
		};
		A7D3307B19B21DB300D27A8B /* Classes */ = {
			isa = PBXGroup;
			children = (
				A73BEE4019B30CD6006D7923 /* BButton */,
				A7D3307C19B21DC000D27A8B /* FileManager.h */,
				A7D3307D19B21DC000D27A8B /* FileManager.m */,
				A76E8E9319B3292400143CBE /* ImportMedia.h */,
				A76E8E9419B3292400143CBE /* ImportMedia.m */,
			);
			name = Classes;
			sourceTree = "<group>";
		};
/* End PBXGroup section */

/* Begin PBXNativeTarget section */
		A7D3304219B21DAD00D27A8B /* 368 Importer */ = {
			isa = PBXNativeTarget;
			buildConfigurationList = A7D3307519B21DAD00D27A8B /* Build configuration list for PBXNativeTarget "368 Importer" */;
			buildPhases = (
				A7D3303F19B21DAD00D27A8B /* Sources */,
				A7D3304019B21DAD00D27A8B /* Frameworks */,
				A7D3304119B21DAD00D27A8B /* Resources */,
			);
			buildRules = (
			);
			dependencies = (
			);
			name = "368 Importer";
			productName = "368 Importer";
			productReference = A7D3304319B21DAD00D27A8B /* 368 Importer.app */;
			productType = "com.apple.product-type.application";
		};
		A7D3306319B21DAD00D27A8B /* 368 ImporterTests */ = {
			isa = PBXNativeTarget;
			buildConfigurationList = A7D3307819B21DAD00D27A8B /* Build configuration list for PBXNativeTarget "368 ImporterTests" */;
			buildPhases = (
				A7D3306019B21DAD00D27A8B /* Sources */,
				A7D3306119B21DAD00D27A8B /* Frameworks */,
				A7D3306219B21DAD00D27A8B /* Resources */,
			);
			buildRules = (
			);
			dependencies = (
				A7D3306A19B21DAD00D27A8B /* PBXTargetDependency */,
			);
			name = "368 ImporterTests";
			productName = "368 ImporterTests";
			productReference = A7D3306419B21DAD00D27A8B /* 368 ImporterTests.xctest */;
			productType = "com.apple.product-type.bundle.unit-test";
		};
/* End PBXNativeTarget section */

/* Begin PBXProject section */
		A7D3303B19B21DAD00D27A8B /* Project object */ = {
			isa = PBXProject;
			attributes = {
				LastUpgradeCheck = 0510;
				ORGANIZATIONNAME = "Dino Phan";
				TargetAttributes = {
					A7D3306319B21DAD00D27A8B = {
						TestTargetID = A7D3304219B21DAD00D27A8B;
					};
				};
			};
			buildConfigurationList = A7D3303E19B21DAD00D27A8B /* Build configuration list for PBXProject "368 Importer" */;
			compatibilityVersion = "Xcode 3.2";
			developmentRegion = English;
			hasScannedForEncodings = 0;
			knownRegions = (
				en,
				Base,
			);
			mainGroup = A7D3303A19B21DAD00D27A8B;
			productRefGroup = A7D3304419B21DAD00D27A8B /* Products */;
			projectDirPath = "";
			projectRoot = "";
			targets = (
				A7D3304219B21DAD00D27A8B /* 368 Importer */,
				A7D3306319B21DAD00D27A8B /* 368 ImporterTests */,
			);
		};
/* End PBXProject section */

/* Begin PBXResourcesBuildPhase section */
		A7D3304119B21DAD00D27A8B /* Resources */ = {
			isa = PBXResourcesBuildPhase;
			buildActionMask = 2147483647;
			files = (
				A7D3305F19B21DAD00D27A8B /* Images.xcassets in Resources */,
				A74AADBC19B244FD00AE7465 /* moviefile.png in Resources */,
				A76E8EA519B3446900143CBE /* ico120x120.png in Resources */,
				A76E8EA119B3446900143CBE /* ico40x40.png in Resources */,
				A76319E819B3AE2E00E0B1A6 /* IMG_00093.JPG in Resources */,
				A74AADBE19B248A000AE7465 /* nodata.png in Resources */,
				A76E8EA019B3446900143CBE /* ico29x29.png in Resources */,
				A7423C5519B4A39E0064C96D /* black_fx.png in Resources */,
				A7D3305119B21DAD00D27A8B /* InfoPlist.strings in Resources */,
				A7D3305A19B21DAD00D27A8B /* Main.storyboard in Resources */,
				A76E8EA419B3446900143CBE /* ico80x80.png in Resources */,
				A76E8EA219B3446900143CBE /* ico58x58.png in Resources */,
				A76E8E9819B3435500143CBE /* launchimageiphone4.png in Resources */,
				A7574A5E19B46068008EF719 /* circle.png in Resources */,
				A73BEE4B19B30CD6006D7923 /* FontAwesome.ttf in Resources */,
				A76E8EA319B3446900143CBE /* ico60x60.png in Resources */,
				A76319DF19B39DEE00E0B1A6 /* IMG_0756.PNG in Resources */,
				A76E8E9919B3435500143CBE /* launchImageiPhone5.png in Resources */,
			);
			runOnlyForDeploymentPostprocessing = 0;
		};
		A7D3306219B21DAD00D27A8B /* Resources */ = {
			isa = PBXResourcesBuildPhase;
			buildActionMask = 2147483647;
			files = (
				A7D3307019B21DAD00D27A8B /* InfoPlist.strings in Resources */,
			);
			runOnlyForDeploymentPostprocessing = 0;
		};
/* End PBXResourcesBuildPhase section */

/* Begin PBXSourcesBuildPhase section */
		A7D3303F19B21DAD00D27A8B /* Sources */ = {
			isa = PBXSourcesBuildPhase;
			buildActionMask = 2147483647;
			files = (
				A73BEE4919B30CD6006D7923 /* BButton.m in Sources */,
				A7D3305D19B21DAD00D27A8B /* ViewController.m in Sources */,
				A7574A5C19B45DBA008EF719 /* ProtectViewController.m in Sources */,
				A76319E219B39EDC00E0B1A6 /* InfoViewController.m in Sources */,
				A73BEE4C19B30CD6006D7923 /* UIColor+BButton.m in Sources */,
				A76E8E9519B3292400143CBE /* ImportMedia.m in Sources */,
				A73BEE4A19B30CD6006D7923 /* NSString+FontAwesome.m in Sources */,
				A7D3305719B21DAD00D27A8B /* AppDelegate.m in Sources */,
				A7D3305319B21DAD00D27A8B /* main.m in Sources */,
				A7D3307E19B21DC000D27A8B /* FileManager.m in Sources */,
			);
			runOnlyForDeploymentPostprocessing = 0;
		};
		A7D3306019B21DAD00D27A8B /* Sources */ = {
			isa = PBXSourcesBuildPhase;
			buildActionMask = 2147483647;
			files = (
				A7D3307219B21DAD00D27A8B /* _68_ImporterTests.m in Sources */,
			);
			runOnlyForDeploymentPostprocessing = 0;
		};
/* End PBXSourcesBuildPhase section */

/* Begin PBXTargetDependency section */
		A7D3306A19B21DAD00D27A8B /* PBXTargetDependency */ = {
			isa = PBXTargetDependency;
			target = A7D3304219B21DAD00D27A8B /* 368 Importer */;
			targetProxy = A7D3306919B21DAD00D27A8B /* PBXContainerItemProxy */;
		};
/* End PBXTargetDependency section */

/* Begin PBXVariantGroup section */
		A7D3304F19B21DAD00D27A8B /* InfoPlist.strings */ = {
			isa = PBXVariantGroup;
			children = (
				A7D3305019B21DAD00D27A8B /* en */,
			);
			name = InfoPlist.strings;
			sourceTree = "<group>";
		};
		A7D3305819B21DAD00D27A8B /* Main.storyboard */ = {
			isa = PBXVariantGroup;
			children = (
				A7D3305919B21DAD00D27A8B /* Base */,
			);
			name = Main.storyboard;
			sourceTree = "<group>";
		};
		A7D3306E19B21DAD00D27A8B /* InfoPlist.strings */ = {
			isa = PBXVariantGroup;
			children = (
				A7D3306F19B21DAD00D27A8B /* en */,
			);
			name = InfoPlist.strings;
			sourceTree = "<group>";
		};
/* End PBXVariantGroup section */

/* Begin XCBuildConfiguration section */
		A7D3307319B21DAD00D27A8B /* Debug */ = {
			isa = XCBuildConfiguration;
			buildSettings = {
				ALWAYS_SEARCH_USER_PATHS = NO;
				CLANG_CXX_LANGUAGE_STANDARD = "gnu++0x";
				CLANG_CXX_LIBRARY = "libc++";
				CLANG_ENABLE_MODULES = YES;
				CLANG_ENABLE_OBJC_ARC = YES;
				CLANG_WARN_BOOL_CONVERSION = YES;
				CLANG_WARN_CONSTANT_CONVERSION = YES;
				CLANG_WARN_DIRECT_OBJC_ISA_USAGE = YES_ERROR;
				CLANG_WARN_EMPTY_BODY = YES;
				CLANG_WARN_ENUM_CONVERSION = YES;
				CLANG_WARN_INT_CONVERSION = YES;
				CLANG_WARN_OBJC_ROOT_CLASS = YES_ERROR;
				CLANG_WARN__DUPLICATE_METHOD_MATCH = YES;
				"CODE_SIGN_IDENTITY[sdk=iphoneos*]" = "iPhone Developer";
				COPY_PHASE_STRIP = NO;
				GCC_C_LANGUAGE_STANDARD = gnu99;
				GCC_DYNAMIC_NO_PIC = NO;
				GCC_OPTIMIZATION_LEVEL = 0;
				GCC_PREPROCESSOR_DEFINITIONS = (
					"DEBUG=1",
					"$(inherited)",
				);
				GCC_SYMBOLS_PRIVATE_EXTERN = NO;
				GCC_WARN_64_TO_32_BIT_CONVERSION = YES;
				GCC_WARN_ABOUT_RETURN_TYPE = YES_ERROR;
				GCC_WARN_UNDECLARED_SELECTOR = YES;
				GCC_WARN_UNINITIALIZED_AUTOS = YES_AGGRESSIVE;
				GCC_WARN_UNUSED_FUNCTION = YES;
				GCC_WARN_UNUSED_VARIABLE = YES;
				IPHONEOS_DEPLOYMENT_TARGET = 7.1;
				ONLY_ACTIVE_ARCH = YES;
				SDKROOT = iphoneos;
			};
			name = Debug;
		};
		A7D3307419B21DAD00D27A8B /* Release */ = {
			isa = XCBuildConfiguration;
			buildSettings = {
				ALWAYS_SEARCH_USER_PATHS = NO;
				CLANG_CXX_LANGUAGE_STANDARD = "gnu++0x";
				CLANG_CXX_LIBRARY = "libc++";
				CLANG_ENABLE_MODULES = YES;
				CLANG_ENABLE_OBJC_ARC = YES;
				CLANG_WARN_BOOL_CONVERSION = YES;
				CLANG_WARN_CONSTANT_CONVERSION = YES;
				CLANG_WARN_DIRECT_OBJC_ISA_USAGE = YES_ERROR;
				CLANG_WARN_EMPTY_BODY = YES;
				CLANG_WARN_ENUM_CONVERSION = YES;
				CLANG_WARN_INT_CONVERSION = YES;
				CLANG_WARN_OBJC_ROOT_CLASS = YES_ERROR;
				CLANG_WARN__DUPLICATE_METHOD_MATCH = YES;
				"CODE_SIGN_IDENTITY[sdk=iphoneos*]" = "iPhone Developer";
				COPY_PHASE_STRIP = YES;
				ENABLE_NS_ASSERTIONS = NO;
				GCC_C_LANGUAGE_STANDARD = gnu99;
				GCC_WARN_64_TO_32_BIT_CONVERSION = YES;
				GCC_WARN_ABOUT_RETURN_TYPE = YES_ERROR;
				GCC_WARN_UNDECLARED_SELECTOR = YES;
				GCC_WARN_UNINITIALIZED_AUTOS = YES_AGGRESSIVE;
				GCC_WARN_UNUSED_FUNCTION = YES;
				GCC_WARN_UNUSED_VARIABLE = YES;
				IPHONEOS_DEPLOYMENT_TARGET = 7.1;
				SDKROOT = iphoneos;
				VALIDATE_PRODUCT = YES;
			};
			name = Release;
		};
		A7D3307619B21DAD00D27A8B /* Debug */ = {
			isa = XCBuildConfiguration;
			buildSettings = {
				ASSETCATALOG_COMPILER_APPICON_NAME = AppIcon;
				ASSETCATALOG_COMPILER_LAUNCHIMAGE_NAME = LaunchImage;
				"CODE_SIGN_IDENTITY[sdk=iphoneos*]" = "";
				GCC_PRECOMPILE_PREFIX_HEADER = YES;
				GCC_PREFIX_HEADER = "368 Importer/368 Importer-Prefix.pch";
				INFOPLIST_FILE = "368 Importer/368 Importer-Info.plist";
				IPHONEOS_DEPLOYMENT_TARGET = 7.0;
				PRODUCT_NAME = "$(TARGET_NAME)";
				WRAPPER_EXTENSION = app;
			};
			name = Debug;
		};
		A7D3307719B21DAD00D27A8B /* Release */ = {
			isa = XCBuildConfiguration;
			buildSettings = {
				ASSETCATALOG_COMPILER_APPICON_NAME = AppIcon;
				ASSETCATALOG_COMPILER_LAUNCHIMAGE_NAME = LaunchImage;
				"CODE_SIGN_IDENTITY[sdk=iphoneos*]" = "";
				GCC_PRECOMPILE_PREFIX_HEADER = YES;
				GCC_PREFIX_HEADER = "368 Importer/368 Importer-Prefix.pch";
				INFOPLIST_FILE = "368 Importer/368 Importer-Info.plist";
				IPHONEOS_DEPLOYMENT_TARGET = 7.0;
				PRODUCT_NAME = "$(TARGET_NAME)";
				WRAPPER_EXTENSION = app;
			};
			name = Release;
		};
		A7D3307919B21DAD00D27A8B /* Debug */ = {
			isa = XCBuildConfiguration;
			buildSettings = {
				BUNDLE_LOADER = "$(BUILT_PRODUCTS_DIR)/368 Importer.app/368 Importer";
				FRAMEWORK_SEARCH_PATHS = (
					"$(SDKROOT)/Developer/Library/Frameworks",
					"$(inherited)",
					"$(DEVELOPER_FRAMEWORKS_DIR)",
				);
				GCC_PRECOMPILE_PREFIX_HEADER = YES;
				GCC_PREFIX_HEADER = "368 Importer/368 Importer-Prefix.pch";
				GCC_PREPROCESSOR_DEFINITIONS = (
					"DEBUG=1",
					"$(inherited)",
				);
				INFOPLIST_FILE = "368 ImporterTests/368 ImporterTests-Info.plist";
				PRODUCT_NAME = "$(TARGET_NAME)";
				TEST_HOST = "$(BUNDLE_LOADER)";
				WRAPPER_EXTENSION = xctest;
			};
			name = Debug;
		};
		A7D3307A19B21DAD00D27A8B /* Release */ = {
			isa = XCBuildConfiguration;
			buildSettings = {
				BUNDLE_LOADER = "$(BUILT_PRODUCTS_DIR)/368 Importer.app/368 Importer";
				FRAMEWORK_SEARCH_PATHS = (
					"$(SDKROOT)/Developer/Library/Frameworks",
					"$(inherited)",
					"$(DEVELOPER_FRAMEWORKS_DIR)",
				);
				GCC_PRECOMPILE_PREFIX_HEADER = YES;
				GCC_PREFIX_HEADER = "368 Importer/368 Importer-Prefix.pch";
				INFOPLIST_FILE = "368 ImporterTests/368 ImporterTests-Info.plist";
				PRODUCT_NAME = "$(TARGET_NAME)";
				TEST_HOST = "$(BUNDLE_LOADER)";
				WRAPPER_EXTENSION = xctest;
			};
			name = Release;
		};
/* End XCBuildConfiguration section */

/* Begin XCConfigurationList section */
		A7D3303E19B21DAD00D27A8B /* Build configuration list for PBXProject "368 Importer" */ = {
			isa = XCConfigurationList;
			buildConfigurations = (
				A7D3307319B21DAD00D27A8B /* Debug */,
				A7D3307419B21DAD00D27A8B /* Release */,
			);
			defaultConfigurationIsVisible = 0;
			defaultConfigurationName = Release;
		};
		A7D3307519B21DAD00D27A8B /* Build configuration list for PBXNativeTarget "368 Importer" */ = {
			isa = XCConfigurationList;
			buildConfigurations = (
				A7D3307619B21DAD00D27A8B /* Debug */,
				A7D3307719B21DAD00D27A8B /* Release */,
			);
			defaultConfigurationIsVisible = 0;
			defaultConfigurationName = Release;
		};
		A7D3307819B21DAD00D27A8B /* Build configuration list for PBXNativeTarget "368 ImporterTests" */ = {
			isa = XCConfigurationList;
			buildConfigurations = (
				A7D3307919B21DAD00D27A8B /* Debug */,
				A7D3307A19B21DAD00D27A8B /* Release */,
			);
			defaultConfigurationIsVisible = 0;
			defaultConfigurationName = Release;
		};
/* End XCConfigurationList section */
	};
	rootObject = A7D3303B19B21DAD00D27A8B /* Project object */;
}
